
Microsoft Visual Studio Solution File, Format Version 12.00
# Visual Studio Version 16
VisualStudioVersion = 16.0.30104.148
MinimumVisualStudioVersion = 10.0.40219.1
Project("{FAE04EC0-301F-11D3-BF4B-00C04F79EFBC}") = "InicioForm", "InicioForm\InicioForm.csproj", "{215583E3-C06E-4663-84FD-5CB1FC059F35}"
EndProject
Project("{FAE04EC0-301F-11D3-BF4B-00C04F79EFBC}") = "MDI", "MDI\MDI.csproj", "{07CC904F-63E8-4082-A9C0-5E612CB43068}"
EndProject
Global
	GlobalSection(SolutionConfigurationPlatforms) = preSolution
		Debug|Any CPU = Debug|Any CPU
		Debug|ARM = Debug|ARM
		Debug|ARM64 = Debug|ARM64
		Debug|x64 = Debug|x64
		Debug|x86 = Debug|x86
		Release|Any CPU = Release|Any CPU
		Release|ARM = Release|ARM
		Release|ARM64 = Release|ARM64
		Release|x64 = Release|x64
		Release|x86 = Release|x86
	EndGlobalSection
	GlobalSection(ProjectConfigurationPlatforms) = postSolution
		{215583E3-C06E-4663-84FD-5CB1FC059F35}.Debug|Any CPU.ActiveCfg = Debug|Any CPU
		{215583E3-C06E-4663-84FD-5CB1FC059F35}.Debug|Any CPU.Build.0 = Debug|Any CPU
		{215583E3-C06E-4663-84FD-5CB1FC059F35}.Debug|ARM.ActiveCfg = Debug|Any CPU
		{215583E3-C06E-4663-84FD-5CB1FC059F35}.Debug|ARM.Build.0 = Debug|Any CPU
		{215583E3-C06E-4663-84FD-5CB1FC059F35}.Debug|ARM64.ActiveCfg = Debug|Any CPU
		{215583E3-C06E-4663-84FD-5CB1FC059F35}.Debug|ARM64.Build.0 = Debug|Any CPU
		{215583E3-C06E-4663-84FD-5CB1FC059F35}.Debug|x64.ActiveCfg = Debug|Any CPU
		{215583E3-C06E-4663-84FD-5CB1FC059F35}.Debug|x64.Build.0 = Debug|Any CPU
		{215583E3-C06E-4663-84FD-5CB1FC059F35}.Debug|x86.ActiveCfg = Debug|Any CPU
		{215583E3-C06E-4663-84FD-5CB1FC059F35}.Debug|x86.Build.0 = Debug|Any CPU
		{215583E3-C06E-4663-84FD-5CB1FC059F35}.Release|Any CPU.ActiveCfg = Release|Any CPU
		{215583E3-C06E-4663-84FD-5CB1FC059F35}.Release|Any CPU.Build.0 = Release|Any CPU
		{215583E3-C06E-4663-84FD-5CB1FC059F35}.Release|ARM.ActiveCfg = Release|Any CPU
		{215583E3-C06E-4663-84FD-5CB1FC059F35}.Release|ARM.Build.0 = Release|Any CPU
		{215583E3-C06E-4663-84FD-5CB1FC059F35}.Release|ARM64.ActiveCfg = Release|Any CPU
		{215583E3-C06E-4663-84FD-5CB1FC059F35}.Release|ARM64.Build.0 = Release|Any CPU
		{215583E3-C06E-4663-84FD-5CB1FC059F35}.Release|x64.ActiveCfg = Release|Any CPU
		{215583E3-C06E-4663-84FD-5CB1FC059F35}.Release|x64.Build.0 = Release|Any CPU
		{215583E3-C06E-4663-84FD-5CB1FC059F35}.Release|x86.ActiveCfg = Release|Any CPU
		{215583E3-C06E-4663-84FD-5CB1FC059F35}.Release|x86.Build.0 = Release|Any CPU
		{07CC904F-63E8-4082-A9C0-5E612CB43068}.Debug|Any CPU.ActiveCfg = Debug|Any CPU
		{07CC904F-63E8-4082-A9C0-5E612CB43068}.Debug|Any CPU.Build.0 = Debug|Any CPU
		{07CC904F-63E8-4082-A9C0-5E612CB43068}.Debug|ARM.ActiveCfg = Debug|Any CPU
		{07CC904F-63E8-4082-A9C0-5E612CB43068}.Debug|ARM.Build.0 = Debug|Any CPU
		{07CC904F-63E8-4082-A9C0-5E612CB43068}.Debug|ARM64.ActiveCfg = Debug|Any CPU
		{07CC904F-63E8-4082-A9C0-5E612CB43068}.Debug|ARM64.Build.0 = Debug|Any CPU
		{07CC904F-63E8-4082-A9C0-5E612CB43068}.Debug|x64.ActiveCfg = Debug|Any CPU
		{07CC904F-63E8-4082-A9C0-5E612CB43068}.Debug|x64.Build.0 = Debug|Any CPU
		{07CC904F-63E8-4082-A9C0-5E612CB43068}.Debug|x86.ActiveCfg = Debug|Any CPU
		{07CC904F-63E8-4082-A9C0-5E612CB43068}.Debug|x86.Build.0 = Debug|Any CPU
		{07CC904F-63E8-4082-A9C0-5E612CB43068}.Release|Any CPU.ActiveCfg = Release|Any CPU
		{07CC904F-63E8-4082-A9C0-5E612CB43068}.Release|Any CPU.Build.0 = Release|Any CPU
		{07CC904F-63E8-4082-A9C0-5E612CB43068}.Release|ARM.ActiveCfg = Release|Any CPU
		{07CC904F-63E8-4082-A9C0-5E612CB43068}.Release|ARM.Build.0 = Release|Any CPU
		{07CC904F-63E8-4082-A9C0-5E612CB43068}.Release|ARM64.ActiveCfg = Release|Any CPU
		{07CC904F-63E8-4082-A9C0-5E612CB43068}.Release|ARM64.Build.0 = Release|Any CPU
		{07CC904F-63E8-4082-A9C0-5E612CB43068}.Release|x64.ActiveCfg = Release|Any CPU
		{07CC904F-63E8-4082-A9C0-5E612CB43068}.Release|x64.Build.0 = Release|Any CPU
		{07CC904F-63E8-4082-A9C0-5E612CB43068}.Release|x86.ActiveCfg = Release|Any CPU
		{07CC904F-63E8-4082-A9C0-5E612CB43068}.Release|x86.Build.0 = Release|Any CPU
	EndGlobalSection
	GlobalSection(SolutionProperties) = preSolution
		HideSolutionNode = FALSE
	EndGlobalSection
	GlobalSection(ExtensibilityGlobals) = postSolution
		SolutionGuid = {39C09030-BDB1-4FC5-9235-B091B00DEA06}
	EndGlobalSection
EndGlobal
